// !$*UTF8*$!
{
	archiveVersion = 1;
	classes = {
	};
	objectVersion = 50;
	objects = {

/* Begin PBXBuildFile section */
		B724DFBC24DA176D00AD4420 /* record.png in Resources */ = {isa = PBXBuildFile; fileRef = B724DFB824DA176C00AD4420 /* record.png */; };
		B724DFBD24DA176D00AD4420 /* stop.png in Resources */ = {isa = PBXBuildFile; fileRef = B724DFB924DA176D00AD4420 /* stop.png */; };
		B724DFBE24DA176D00AD4420 /* pause.png in Resources */ = {isa = PBXBuildFile; fileRef = B724DFBA24DA176D00AD4420 /* pause.png */; };
		B724DFBF24DA176D00AD4420 /* play.png in Resources */ = {isa = PBXBuildFile; fileRef = B724DFBB24DA176D00AD4420 /* play.png */; };
		B7B46B3724D97CA100B6714F /* AppDelegate.swift in Sources */ = {isa = PBXBuildFile; fileRef = B7B46B3624D97CA100B6714F /* AppDelegate.swift */; };
		B7B46B3924D97CA100B6714F /* SceneDelegate.swift in Sources */ = {isa = PBXBuildFile; fileRef = B7B46B3824D97CA100B6714F /* SceneDelegate.swift */; };
		B7B46B3B24D97CA100B6714F /* ViewController.swift in Sources */ = {isa = PBXBuildFile; fileRef = B7B46B3A24D97CA100B6714F /* ViewController.swift */; };
		B7B46B3E24D97CA100B6714F /* Main.storyboard in Resources */ = {isa = PBXBuildFile; fileRef = B7B46B3C24D97CA100B6714F /* Main.storyboard */; };
		B7B46B4024D97CA200B6714F /* Assets.xcassets in Resources */ = {isa = PBXBuildFile; fileRef = B7B46B3F24D97CA200B6714F /* Assets.xcassets */; };
		B7B46B4324D97CA200B6714F /* LaunchScreen.storyboard in Resources */ = {isa = PBXBuildFile; fileRef = B7B46B4124D97CA200B6714F /* LaunchScreen.storyboard */; };
		B7B46B4B24D981D700B6714F /* Sicilian_Breeze.mp3 in Resources */ = {isa = PBXBuildFile; fileRef = B7B46B4A24D981D700B6714F /* Sicilian_Breeze.mp3 */; };
/* End PBXBuildFile section */

/* Begin PBXFileReference section */
		B724DFB824DA176C00AD4420 /* record.png */ = {isa = PBXFileReference; lastKnownFileType = image.png; path = record.png; sourceTree = "<group>"; };
		B724DFB924DA176D00AD4420 /* stop.png */ = {isa = PBXFileReference; lastKnownFileType = image.png; path = stop.png; sourceTree = "<group>"; };
		B724DFBA24DA176D00AD4420 /* pause.png */ = {isa = PBXFileReference; lastKnownFileType = image.png; path = pause.png; sourceTree = "<group>"; };
		B724DFBB24DA176D00AD4420 /* play.png */ = {isa = PBXFileReference; lastKnownFileType = image.png; path = play.png; sourceTree = "<group>"; };
		B7B46B3324D97CA100B6714F /* AudioStudy.app */ = {isa = PBXFileReference; explicitFileType = wrapper.application; includeInIndex = 0; path = AudioStudy.app; sourceTree = BUILT_PRODUCTS_DIR; };
		B7B46B3624D97CA100B6714F /* AppDelegate.swift */ = {isa = PBXFileReference; lastKnownFileType = sourcecode.swift; path = AppDelegate.swift; sourceTree = "<group>"; };
		B7B46B3824D97CA100B6714F /* SceneDelegate.swift */ = {isa = PBXFileReference; lastKnownFileType = sourcecode.swift; path = SceneDelegate.swift; sourceTree = "<group>"; };
		B7B46B3A24D97CA100B6714F /* ViewController.swift */ = {isa = PBXFileReference; lastKnownFileType = sourcecode.swift; path = ViewController.swift; sourceTree = "<group>"; };
		B7B46B3D24D97CA100B6714F /* Base */ = {isa = PBXFileReference; lastKnownFileType = file.storyboard; name = Base; path = Base.lproj/Main.storyboard; sourceTree = "<group>"; };
		B7B46B3F24D97CA200B6714F /* Assets.xcassets */ = {isa = PBXFileReference; lastKnownFileType = folder.assetcatalog; path = Assets.xcassets; sourceTree = "<group>"; };
		B7B46B4224D97CA200B6714F /* Base */ = {isa = PBXFileReference; lastKnownFileType = file.storyboard; name = Base; path = Base.lproj/LaunchScreen.storyboard; sourceTree = "<group>"; };
		B7B46B4424D97CA200B6714F /* Info.plist */ = {isa = PBXFileReference; lastKnownFileType = text.plist.xml; path = Info.plist; sourceTree = "<group>"; };
		B7B46B4A24D981D700B6714F /* Sicilian_Breeze.mp3 */ = {isa = PBXFileReference; lastKnownFileType = audio.mp3; path = Sicilian_Breeze.mp3; sourceTree = "<group>"; };
/* End PBXFileReference section */

/* Begin PBXFrameworksBuildPhase section */
		B7B46B3024D97CA100B6714F /* Frameworks */ = {
			isa = PBXFrameworksBuildPhase;
			buildActionMask = 2147483647;
			files = (
			);
			runOnlyForDeploymentPostprocessing = 0;
		};
/* End PBXFrameworksBuildPhase section */

/* Begin PBXGroup section */
		B7B46B2A24D97CA100B6714F = {
			isa = PBXGroup;
			children = (
				B7B46B3524D97CA100B6714F /* AudioStudy */,
				B7B46B3424D97CA100B6714F /* Products */,
			);
			sourceTree = "<group>";
		};
		B7B46B3424D97CA100B6714F /* Products */ = {
			isa = PBXGroup;
			children = (
				B7B46B3324D97CA100B6714F /* AudioStudy.app */,
			);
			name = Products;
			sourceTree = "<group>";
		};
		B7B46B3524D97CA100B6714F /* AudioStudy */ = {
			isa = PBXGroup;
			children = (
				B724DFBA24DA176D00AD4420 /* pause.png */,
				B724DFBB24DA176D00AD4420 /* play.png */,
				B724DFB824DA176C00AD4420 /* record.png */,
				B724DFB924DA176D00AD4420 /* stop.png */,
				B7B46B4A24D981D700B6714F /* Sicilian_Breeze.mp3 */,
				B7B46B3624D97CA100B6714F /* AppDelegate.swift */,
				B7B46B3824D97CA100B6714F /* SceneDelegate.swift */,
				B7B46B3A24D97CA100B6714F /* ViewController.swift */,
				B7B46B3C24D97CA100B6714F /* Main.storyboard */,
				B7B46B3F24D97CA200B6714F /* Assets.xcassets */,
				B7B46B4124D97CA200B6714F /* LaunchScreen.storyboard */,
				B7B46B4424D97CA200B6714F /* Info.plist */,
			);
			path = AudioStudy;
			sourceTree = "<group>";
		};
/* End PBXGroup section */

/* Begin PBXNativeTarget section */
		B7B46B3224D97CA100B6714F /* AudioStudy */ = {
			isa = PBXNativeTarget;
			buildConfigurationList = B7B46B4724D97CA200B6714F /* Build configuration list for PBXNativeTarget "AudioStudy" */;
			buildPhases = (
				B7B46B2F24D97CA100B6714F /* Sources */,
				B7B46B3024D97CA100B6714F /* Frameworks */,
				B7B46B3124D97CA100B6714F /* Resources */,
			);
			buildRules = (
			);
			dependencies = (
			);
			name = AudioStudy;
			productName = AudioStudy;
			productReference = B7B46B3324D97CA100B6714F /* AudioStudy.app */;
			productType = "com.apple.product-type.application";
		};
/* End PBXNativeTarget section */

/* Begin PBXProject section */
		B7B46B2B24D97CA100B6714F /* Project object */ = {
			isa = PBXProject;
			attributes = {
				LastSwiftUpdateCheck = 1150;
				LastUpgradeCheck = 1150;
				ORGANIZATIONNAME = C0deWave;
				TargetAttributes = {
					B7B46B3224D97CA100B6714F = {
						CreatedOnToolsVersion = 11.5;
					};
				};
			};
			buildConfigurationList = B7B46B2E24D97CA100B6714F /* Build configuration list for PBXProject "AudioStudy" */;
			compatibilityVersion = "Xcode 9.3";
			developmentRegion = en;
			hasScannedForEncodings = 0;
			knownRegions = (
				en,
				Base,
			);
			mainGroup = B7B46B2A24D97CA100B6714F;
			productRefGroup = B7B46B3424D97CA100B6714F /* Products */;
			projectDirPath = "";
			projectRoot = "";
			targets = (
				B7B46B3224D97CA100B6714F /* AudioStudy */,
			);
		};
/* End PBXProject section */

/* Begin PBXResourcesBuildPhase section */
		B7B46B3124D97CA100B6714F /* Resources */ = {
			isa = PBXResourcesBuildPhase;
			buildActionMask = 2147483647;
			files = (
				B724DFBC24DA176D00AD4420 /* record.png in Resources */,
				B724DFBF24DA176D00AD4420 /* play.png in Resources */,
				B7B46B4324D97CA200B6714F /* LaunchScreen.storyboard in Resources */,
				B7B46B4B24D981D700B6714F /* Sicilian_Breeze.mp3 in Resources */,
				B724DFBE24DA176D00AD4420 /* pause.png in Resources */,
				B7B46B4024D97CA200B6714F /* Assets.xcassets in Resources */,
				B7B46B3E24D97CA100B6714F /* Main.storyboard in Resources */,
				B724DFBD24DA176D00AD4420 /* stop.png in Resources */,
			);
			runOnlyForDeploymentPostprocessing = 0;
		};
/* End PBXResourcesBuildPhase section */

/* Begin PBXSourcesBuildPhase section */
		B7B46B2F24D97CA100B6714F /* Sources */ = {
			isa = PBXSourcesBuildPhase;
			buildActionMask = 2147483647;
			files = (
				B7B46B3B24D97CA100B6714F /* ViewController.swift in Sources */,
				B7B46B3724D97CA100B6714F /* AppDelegate.swift in Sources */,
				B7B46B3924D97CA100B6714F /* SceneDelegate.swift in Sources */,
			);
			runOnlyForDeploymentPostprocessing = 0;
		};
/* End PBXSourcesBuildPhase section */

/* Begin PBXVariantGroup section */
		B7B46B3C24D97CA100B6714F /* Main.storyboard */ = {
			isa = PBXVariantGroup;
			children = (
				B7B46B3D24D97CA100B6714F /* Base */,
			);
			name = Main.storyboard;
			sourceTree = "<group>";
		};
		B7B46B4124D97CA200B6714F /* LaunchScreen.storyboard */ = {
			isa = PBXVariantGroup;
			children = (
				B7B46B4224D97CA200B6714F /* Base */,
			);
			name = LaunchScreen.storyboard;
			sourceTree = "<group>";
		};
/* End PBXVariantGroup section */

/* Begin XCBuildConfiguration section */
		B7B46B4524D97CA200B6714F /* Debug */ = {
			isa = XCBuildConfiguration;
			buildSettings = {
				ALWAYS_SEARCH_USER_PATHS = NO;
				CLANG_ANALYZER_NONNULL = YES;
				CLANG_ANALYZER_NUMBER_OBJECT_CONVERSION = YES_AGGRESSIVE;
				CLANG_CXX_LANGUAGE_STANDARD = "gnu++14";
				CLANG_CXX_LIBRARY = "libc++";
				CLANG_ENABLE_MODULES = YES;
				CLANG_ENABLE_OBJC_ARC = YES;
				CLANG_ENABLE_OBJC_WEAK = YES;
				CLANG_WARN_BLOCK_CAPTURE_AUTORELEASING = YES;
				CLANG_WARN_BOOL_CONVERSION = YES;
				CLANG_WARN_COMMA = YES;
				CLANG_WARN_CONSTANT_CONVERSION = YES;
				CLANG_WARN_DEPRECATED_OBJC_IMPLEMENTATIONS = YES;
				CLANG_WARN_DIRECT_OBJC_ISA_USAGE = YES_ERROR;
				CLANG_WARN_DOCUMENTATION_COMMENTS = YES;
				CLANG_WARN_EMPTY_BODY = YES;
				CLANG_WARN_ENUM_CONVERSION = YES;
				CLANG_WARN_INFINITE_RECURSION = YES;
				CLANG_WARN_INT_CONVERSION = YES;
				CLANG_WARN_NON_LITERAL_NULL_CONVERSION = YES;
				CLANG_WARN_OBJC_IMPLICIT_RETAIN_SELF = YES;
				CLANG_WARN_OBJC_LITERAL_CONVERSION = YES;
				CLANG_WARN_OBJC_ROOT_CLASS = YES_ERROR;
				CLANG_WARN_RANGE_LOOP_ANALYSIS = YES;
				CLANG_WARN_STRICT_PROTOTYPES = YES;
				CLANG_WARN_SUSPICIOUS_MOVE = YES;
				CLANG_WARN_UNGUARDED_AVAILABILITY = YES_AGGRESSIVE;
				CLANG_WARN_UNREACHABLE_CODE = YES;
				CLANG_WARN__DUPLICATE_METHOD_MATCH = YES;
				COPY_PHASE_STRIP = NO;
				DEBUG_INFORMATION_FORMAT = dwarf;
				ENABLE_STRICT_OBJC_MSGSEND = YES;
				ENABLE_TESTABILITY = YES;
				GCC_C_LANGUAGE_STANDARD = gnu11;
				GCC_DYNAMIC_NO_PIC = NO;
				GCC_NO_COMMON_BLOCKS = YES;
				GCC_OPTIMIZATION_LEVEL = 0;
				GCC_PREPROCESSOR_DEFINITIONS = (
					"DEBUG=1",
					"$(inherited)",
				);
				GCC_WARN_64_TO_32_BIT_CONVERSION = YES;
				GCC_WARN_ABOUT_RETURN_TYPE = YES_ERROR;
				GCC_WARN_UNDECLARED_SELECTOR = YES;
				GCC_WARN_UNINITIALIZED_AUTOS = YES_AGGRESSIVE;
				GCC_WARN_UNUSED_FUNCTION = YES;
				GCC_WARN_UNUSED_VARIABLE = YES;
				IPHONEOS_DEPLOYMENT_TARGET = 13.5;
				MTL_ENABLE_DEBUG_INFO = INCLUDE_SOURCE;
				MTL_FAST_MATH = YES;
				ONLY_ACTIVE_ARCH = YES;
				SDKROOT = iphoneos;
				SWIFT_ACTIVE_COMPILATION_CONDITIONS = DEBUG;
				SWIFT_OPTIMIZATION_LEVEL = "-Onone";
			};
			name = Debug;
		};
		B7B46B4624D97CA200B6714F /* Release */ = {
			isa = XCBuildConfiguration;
			buildSettings = {
				ALWAYS_SEARCH_USER_PATHS = NO;
				CLANG_ANALYZER_NONNULL = YES;
				CLANG_ANALYZER_NUMBER_OBJECT_CONVERSION = YES_AGGRESSIVE;
				CLANG_CXX_LANGUAGE_STANDARD = "gnu++14";
				CLANG_CXX_LIBRARY = "libc++";
				CLANG_ENABLE_MODULES = YES;
				CLANG_ENABLE_OBJC_ARC = YES;
				CLANG_ENABLE_OBJC_WEAK = YES;
				CLANG_WARN_BLOCK_CAPTURE_AUTORELEASING = YES;
				CLANG_WARN_BOOL_CONVERSION = YES;
				CLANG_WARN_COMMA = YES;
				CLANG_WARN_CONSTANT_CONVERSION = YES;
				CLANG_WARN_DEPRECATED_OBJC_IMPLEMENTATIONS = YES;
				CLANG_WARN_DIRECT_OBJC_ISA_USAGE = YES_ERROR;
				CLANG_WARN_DOCUMENTATION_COMMENTS = YES;
				CLANG_WARN_EMPTY_BODY = YES;
				CLANG_WARN_ENUM_CONVERSION = YES;
				CLANG_WARN_INFINITE_RECURSION = YES;
				CLANG_WARN_INT_CONVERSION = YES;
				CLANG_WARN_NON_LITERAL_NULL_CONVERSION = YES;
				CLANG_WARN_OBJC_IMPLICIT_RETAIN_SELF = YES;
				CLANG_WARN_OBJC_LITERAL_CONVERSION = YES;
				CLANG_WARN_OBJC_ROOT_CLASS = YES_ERROR;
				CLANG_WARN_RANGE_LOOP_ANALYSIS = YES;
				CLANG_WARN_STRICT_PROTOTYPES = YES;
				CLANG_WARN_SUSPICIOUS_MOVE = YES;
				CLANG_WARN_UNGUARDED_AVAILABILITY = YES_AGGRESSIVE;
				CLANG_WARN_UNREACHABLE_CODE = YES;
				CLANG_WARN__DUPLICATE_METHOD_MATCH = YES;
				COPY_PHASE_STRIP = NO;
				DEBUG_INFORMATION_FORMAT = "dwarf-with-dsym";
				ENABLE_NS_ASSERTIONS = NO;
				ENABLE_STRICT_OBJC_MSGSEND = YES;
				GCC_C_LANGUAGE_STANDARD = gnu11;
				GCC_NO_COMMON_BLOCKS = YES;
				GCC_WARN_64_TO_32_BIT_CONVERSION = YES;
				GCC_WARN_ABOUT_RETURN_TYPE = YES_ERROR;
				GCC_WARN_UNDECLARED_SELECTOR = YES;
				GCC_WARN_UNINITIALIZED_AUTOS = YES_AGGRESSIVE;
				GCC_WARN_UNUSED_FUNCTION = YES;
				GCC_WARN_UNUSED_VARIABLE = YES;
				IPHONEOS_DEPLOYMENT_TARGET = 13.5;
				MTL_ENABLE_DEBUG_INFO = NO;
				MTL_FAST_MATH = YES;
				SDKROOT = iphoneos;
				SWIFT_COMPILATION_MODE = wholemodule;
				SWIFT_OPTIMIZATION_LEVEL = "-O";
				VALIDATE_PRODUCT = YES;
			};
			name = Release;
		};
		B7B46B4824D97CA200B6714F /* Debug */ = {
			isa = XCBuildConfiguration;
			buildSettings = {
				ASSETCATALOG_COMPILER_APPICON_NAME = AppIcon;
				CODE_SIGN_STYLE = Automatic;
				INFOPLIST_FILE = AudioStudy/Info.plist;
				LD_RUNPATH_SEARCH_PATHS = (
					"$(inherited)",
					"@executable_path/Frameworks",
				);
				PRODUCT_BUNDLE_IDENTIFIER = com.AudioStudy;
				PRODUCT_NAME = "$(TARGET_NAME)";
				SWIFT_VERSION = 5.0;
				TARGETED_DEVICE_FAMILY = "1,2";
			};
			name = Debug;
		};
		B7B46B4924D97CA200B6714F /* Release */ = {
			isa = XCBuildConfiguration;
			buildSettings = {
				ASSETCATALOG_COMPILER_APPICON_NAME = AppIcon;
				CODE_SIGN_STYLE = Automatic;
				INFOPLIST_FILE = AudioStudy/Info.plist;
				LD_RUNPATH_SEARCH_PATHS = (
					"$(inherited)",
					"@executable_path/Frameworks",
				);
				PRODUCT_BUNDLE_IDENTIFIER = com.AudioStudy;
				PRODUCT_NAME = "$(TARGET_NAME)";
				SWIFT_VERSION = 5.0;
				TARGETED_DEVICE_FAMILY = "1,2";
			};
			name = Release;
		};
/* End XCBuildConfiguration section */

/* Begin XCConfigurationList section */
		B7B46B2E24D97CA100B6714F /* Build configuration list for PBXProject "AudioStudy" */ = {
			isa = XCConfigurationList;
			buildConfigurations = (
				B7B46B4524D97CA200B6714F /* Debug */,
				B7B46B4624D97CA200B6714F /* Release */,
			);
			defaultConfigurationIsVisible = 0;
			defaultConfigurationName = Release;
		};
		B7B46B4724D97CA200B6714F /* Build configuration list for PBXNativeTarget "AudioStudy" */ = {
			isa = XCConfigurationList;
			buildConfigurations = (
				B7B46B4824D97CA200B6714F /* Debug */,
				B7B46B4924D97CA200B6714F /* Release */,
			);
			defaultConfigurationIsVisible = 0;
			defaultConfigurationName = Release;
		};
/* End XCConfigurationList section */
	};
	rootObject = B7B46B2B24D97CA100B6714F /* Project object */;
}
